github.com/99designs/gqlgen v0.17.88 h1:neMQDgehMwT1vYIOx/w5ZYPUU/iMNAJzRO44I5Intoc=
github.com/99designs/gqlgen v0.17.88/go.mod h1:qeqYFEgOeSKqWedOjogPizimp2iu4E23bdPvl4jTYic=
github.com/agnivade/levenshtein v1.2.1 h1:EHBY3UOn1gwdy/VbFwgo4cxecRznFk7fKWN1KOX7eoM=
github.com/agnivade/levenshtein v1.2.1/go.mod h1:QVVI16kDrtSuwcpd0p1+xMC6Z/VfhtCyDIjcwga4/DU=
github.com/goccy/go-yaml v1.19.2 h1:PmFC1S6h8ljIz6gMRBopkjP1TVT7xuwrButHID66PoM=
github.com/goccy/go-yaml v1.19.2/go.mod h1:XBurs7gK8ATbW4ZPGKgcbrY1Br56PdM69F7LkFRi1kA=
github.com/google/uuid v1.6.0 h1:NIvaJDMOsjHA8n1jAhLSgzrAzy1Hgr+hNrb57e+94F0=
github.com/google/uuid v1.6.0/go.mod h1:TIyPZe4MgqvfeYDBFedMoGGpEw/LqOeaOT+nhxU+yHo=
github.com/sosodev/duration v1.4.0 h1:35ed0KiVFriGHHzZZJaZLgmTEEICIyt8Sx0RQfj9IjE=
github.com/sosodev/duration v1.4.0/go.mod h1:RQIBBX0+fMLc/D9+Jb/fwvVmo0eZvDDEERAikUR6SDg=
github.com/urfave/cli/v3 v3.7.0 h1:AGSnbUyjtLiM+WJUb4dzXKldl/gL+F8OwmRDtVr6g2U=
github.com/urfave/cli/v3 v3.7.0/go.mod h1:ysVLtOEmg2tOy6PknnYVhDoouyC/6N42TMeoMzskhso=
github.com/vektah/gqlparser/v2 v2.5.32 h1:k9QPJd4sEDTL+qB4ncPLflqTJ3MmjB9SrVzJrawpFSc=
github.com/vektah/gqlparser/v2 v2.5.32/go.mod h1:c1I28gSOVNzlfc4WuDlqU7voQnsqI6OG2amkBAFmgts=
golang.org/x/mod v0.33.0 h1:tHFzIWbBifEmbwtGz65eaWyGiGZatSrT9prnU8DbVL8=
golang.org/x/mod v0.33.0/go.mod h1:swjeQEj+6r7fODbD2cqrnje9PnziFuw4bmLbBZFrQ5w=
golang.org/x/sync v0.19.0 h1:vV+1eWNmZ5geRlYjzm2adRgW2/mcpevXNg50YZtPCE4=
golang.org/x/sync v0.19.0/go.mod h1:9KTHXmSnoGruLpwFjVSX0lNNA75CykiMECbovNTZqGI=
golang.org/x/text v0.34.0 h1:oL/Qq0Kdaqxa1KbNeMKwQq0reLCCaFtqu2eNuSeNHbk=
golang.org/x/text v0.34.0/go.mod h1:homfLqTYRFyVYemLBFl5GgL/DWEiH5wcsQ5gSh1yziA=
golang.org/x/tools v0.42.0 h1:uNgphsn75Tdz5Ji2q36v/nsFSfR/9BRFvqhGBaJGd5k=
golang.org/x/tools v0.42.0/go.mod h1:Ma6lCIwGZvHK6XtgbswSoWroEkhugApmsXyrUmBhfr0=
