
Microsoft Visual Studio Solution File, Format Version 12.00
# Visual Studio Version 17
VisualStudioVersion = 17.10.35122.118
MinimumVisualStudioVersion = 10.0.40219.1
Project("{9A19103F-16F7-4668-BE54-9A1E7A4F7556}") = "MoviesApi", "MoviesApi.csproj", "{55802D21-6F03-4C08-A2BA-9F4C8B303014}"
EndProject
Global
	GlobalSection(SolutionConfigurationPlatforms) = preSolution
		Debug|Any CPU = Debug|Any CPU
		Release|Any CPU = Release|Any CPU
	EndGlobalSection
	GlobalSection(ProjectConfigurationPlatforms) = postSolution
		{55802D21-6F03-4C08-A2BA-9F4C8B303014}.Debug|Any CPU.ActiveCfg = Debug|Any CPU
		{55802D21-6F03-4C08-A2BA-9F4C8B303014}.Debug|Any CPU.Build.0 = Debug|Any CPU
		{55802D21-6F03-4C08-A2BA-9F4C8B303014}.Release|Any CPU.ActiveCfg = Release|Any CPU
		{55802D21-6F03-4C08-A2BA-9F4C8B303014}.Release|Any CPU.Build.0 = Release|Any CPU
	EndGlobalSection
	GlobalSection(SolutionProperties) = preSolution
		HideSolutionNode = FALSE
	EndGlobalSection
	GlobalSection(ExtensibilityGlobals) = postSolution
		SolutionGuid = {274D9415-6586-45B4-ADD8-AB6DCB2F59E2}
	EndGlobalSection
EndGlobal
