
Microsoft Visual Studio Solution File, Format Version 12.00
# Visual Studio Version 17
VisualStudioVersion = 17.5.002.0
MinimumVisualStudioVersion = 10.0.40219.1
Project("{9A19103F-16F7-4668-BE54-9A1E7A4F7556}") = "MoviesApi", "MoviesApi.csproj", "{143D4F5E-5976-4126-820A-BB4DA019714C}"
EndProject
Global
	GlobalSection(SolutionConfigurationPlatforms) = preSolution
		Debug|Any CPU = Debug|Any CPU
		Release|Any CPU = Release|Any CPU
	EndGlobalSection
	GlobalSection(ProjectConfigurationPlatforms) = postSolution
		{143D4F5E-5976-4126-820A-BB4DA019714C}.Debug|Any CPU.ActiveCfg = Debug|Any CPU
		{143D4F5E-5976-4126-820A-BB4DA019714C}.Debug|Any CPU.Build.0 = Debug|Any CPU
		{143D4F5E-5976-4126-820A-BB4DA019714C}.Release|Any CPU.ActiveCfg = Release|Any CPU
		{143D4F5E-5976-4126-820A-BB4DA019714C}.Release|Any CPU.Build.0 = Release|Any CPU
	EndGlobalSection
	GlobalSection(SolutionProperties) = preSolution
		HideSolutionNode = FALSE
	EndGlobalSection
	GlobalSection(ExtensibilityGlobals) = postSolution
		SolutionGuid = {1B9D6C5A-9389-447D-B1F7-9CE8152D8BB9}
	EndGlobalSection
EndGlobal
